// !$*UTF8*$!
{
	archiveVersion = 1;
	classes = {
	};
	objectVersion = 50;
	objects = {

/* Begin PBXBuildFile section */
		1A030621217D871C001F06D7 /* AppDelegate.swift in Sources */ = {isa = PBXBuildFile; fileRef = 1A030620217D871C001F06D7 /* AppDelegate.swift */; };
		1A030625217D871D001F06D7 /* Assets.xcassets in Resources */ = {isa = PBXBuildFile; fileRef = 1A030624217D871D001F06D7 /* Assets.xcassets */; };
		1A030628217D871D001F06D7 /* Main.storyboard in Resources */ = {isa = PBXBuildFile; fileRef = 1A030626217D871D001F06D7 /* Main.storyboard */; };
		1A030638217D96DA001F06D7 /* libSwiftyHID.dylib in Frameworks */ = {isa = PBXBuildFile; fileRef = 1A030637217D96DA001F06D7 /* libSwiftyHID.dylib */; };
		1A03064F217D97F3001F06D7 /* Dynamic.swift in Sources */ = {isa = PBXBuildFile; fileRef = 1A030648217D97F3001F06D7 /* Dynamic.swift */; };
		1A030650217D97F3001F06D7 /* DeviceManagerViewController.swift in Sources */ = {isa = PBXBuildFile; fileRef = 1A03064A217D97F3001F06D7 /* DeviceManagerViewController.swift */; };
		1A030651217D97F3001F06D7 /* DeviceReportDescriptorViewController.swift in Sources */ = {isa = PBXBuildFile; fileRef = 1A03064B217D97F3001F06D7 /* DeviceReportDescriptorViewController.swift */; };
		1A030652217D97F3001F06D7 /* DeviceManagerViewModel.swift in Sources */ = {isa = PBXBuildFile; fileRef = 1A03064D217D97F3001F06D7 /* DeviceManagerViewModel.swift */; };
		1A030653217D97F3001F06D7 /* DeviceViewModel.swift in Sources */ = {isa = PBXBuildFile; fileRef = 1A03064E217D97F3001F06D7 /* DeviceViewModel.swift */; };
		1A03066821804102001F06D7 /* DeviceReportsViewController.swift in Sources */ = {isa = PBXBuildFile; fileRef = 1A03066721804102001F06D7 /* DeviceReportsViewController.swift */; };
/* End PBXBuildFile section */

/* Begin PBXFileReference section */
		1A03061D217D871C001F06D7 /* HIDUtil.app */ = {isa = PBXFileReference; explicitFileType = wrapper.application; includeInIndex = 0; path = HIDUtil.app; sourceTree = BUILT_PRODUCTS_DIR; };
		1A030620217D871C001F06D7 /* AppDelegate.swift */ = {isa = PBXFileReference; lastKnownFileType = sourcecode.swift; path = AppDelegate.swift; sourceTree = "<group>"; };
		1A030624217D871D001F06D7 /* Assets.xcassets */ = {isa = PBXFileReference; lastKnownFileType = folder.assetcatalog; path = Assets.xcassets; sourceTree = "<group>"; };
		1A030627217D871D001F06D7 /* Base */ = {isa = PBXFileReference; lastKnownFileType = file.storyboard; name = Base; path = Base.lproj/Main.storyboard; sourceTree = "<group>"; };
		1A030629217D871D001F06D7 /* Info.plist */ = {isa = PBXFileReference; lastKnownFileType = text.plist.xml; path = Info.plist; sourceTree = "<group>"; };
		1A03062A217D871D001F06D7 /* HIDUtil.entitlements */ = {isa = PBXFileReference; lastKnownFileType = text.plist.entitlements; path = HIDUtil.entitlements; sourceTree = "<group>"; };
		1A030637217D96DA001F06D7 /* libSwiftyHID.dylib */ = {isa = PBXFileReference; explicitFileType = "compiled.mach-o.dylib"; path = libSwiftyHID.dylib; sourceTree = BUILT_PRODUCTS_DIR; };
		1A030648217D97F3001F06D7 /* Dynamic.swift */ = {isa = PBXFileReference; fileEncoding = 4; lastKnownFileType = sourcecode.swift; path = Dynamic.swift; sourceTree = "<group>"; };
		1A03064A217D97F3001F06D7 /* DeviceManagerViewController.swift */ = {isa = PBXFileReference; fileEncoding = 4; lastKnownFileType = sourcecode.swift; path = DeviceManagerViewController.swift; sourceTree = "<group>"; };
		1A03064B217D97F3001F06D7 /* DeviceReportDescriptorViewController.swift */ = {isa = PBXFileReference; fileEncoding = 4; lastKnownFileType = sourcecode.swift; path = DeviceReportDescriptorViewController.swift; sourceTree = "<group>"; };
		1A03064D217D97F3001F06D7 /* DeviceManagerViewModel.swift */ = {isa = PBXFileReference; fileEncoding = 4; lastKnownFileType = sourcecode.swift; path = DeviceManagerViewModel.swift; sourceTree = "<group>"; };
		1A03064E217D97F3001F06D7 /* DeviceViewModel.swift */ = {isa = PBXFileReference; fileEncoding = 4; lastKnownFileType = sourcecode.swift; path = DeviceViewModel.swift; sourceTree = "<group>"; };
		1A03066721804102001F06D7 /* DeviceReportsViewController.swift */ = {isa = PBXFileReference; lastKnownFileType = sourcecode.swift; path = DeviceReportsViewController.swift; sourceTree = "<group>"; };
/* End PBXFileReference section */

/* Begin PBXFrameworksBuildPhase section */
		1A03061A217D871C001F06D7 /* Frameworks */ = {
			isa = PBXFrameworksBuildPhase;
			buildActionMask = 2147483647;
			files = (
				1A030638217D96DA001F06D7 /* libSwiftyHID.dylib in Frameworks */,
			);
			runOnlyForDeploymentPostprocessing = 0;
		};
/* End PBXFrameworksBuildPhase section */

/* Begin PBXGroup section */
		1A030614217D871C001F06D7 = {
			isa = PBXGroup;
			children = (
				1A03061F217D871C001F06D7 /* HIDUtil */,
				1A03061E217D871C001F06D7 /* Products */,
				1A030636217D96DA001F06D7 /* Frameworks */,
			);
			sourceTree = "<group>";
		};
		1A03061E217D871C001F06D7 /* Products */ = {
			isa = PBXGroup;
			children = (
				1A03061D217D871C001F06D7 /* HIDUtil.app */,
			);
			name = Products;
			sourceTree = "<group>";
		};
		1A03061F217D871C001F06D7 /* HIDUtil */ = {
			isa = PBXGroup;
			children = (
				1A030647217D97F3001F06D7 /* Utils */,
				1A030649217D97F3001F06D7 /* ViewControllers */,
				1A03064C217D97F3001F06D7 /* ViewModels */,
				1A030620217D871C001F06D7 /* AppDelegate.swift */,
				1A030624217D871D001F06D7 /* Assets.xcassets */,
				1A030626217D871D001F06D7 /* Main.storyboard */,
				1A030629217D871D001F06D7 /* Info.plist */,
				1A03062A217D871D001F06D7 /* HIDUtil.entitlements */,
			);
			path = HIDUtil;
			sourceTree = "<group>";
		};
		1A030636217D96DA001F06D7 /* Frameworks */ = {
			isa = PBXGroup;
			children = (
				1A030637217D96DA001F06D7 /* libSwiftyHID.dylib */,
			);
			name = Frameworks;
			sourceTree = "<group>";
		};
		1A030647217D97F3001F06D7 /* Utils */ = {
			isa = PBXGroup;
			children = (
				1A030648217D97F3001F06D7 /* Dynamic.swift */,
			);
			path = Utils;
			sourceTree = "<group>";
		};
		1A030649217D97F3001F06D7 /* ViewControllers */ = {
			isa = PBXGroup;
			children = (
				1A03064A217D97F3001F06D7 /* DeviceManagerViewController.swift */,
				1A03064B217D97F3001F06D7 /* DeviceReportDescriptorViewController.swift */,
				1A03066721804102001F06D7 /* DeviceReportsViewController.swift */,
			);
			path = ViewControllers;
			sourceTree = "<group>";
		};
		1A03064C217D97F3001F06D7 /* ViewModels */ = {
			isa = PBXGroup;
			children = (
				1A03064D217D97F3001F06D7 /* DeviceManagerViewModel.swift */,
				1A03064E217D97F3001F06D7 /* DeviceViewModel.swift */,
			);
			path = ViewModels;
			sourceTree = "<group>";
		};
/* End PBXGroup section */

/* Begin PBXNativeTarget section */
		1A03061C217D871C001F06D7 /* HIDUtil */ = {
			isa = PBXNativeTarget;
			buildConfigurationList = 1A03062D217D871D001F06D7 /* Build configuration list for PBXNativeTarget "HIDUtil" */;
			buildPhases = (
				1A030619217D871C001F06D7 /* Sources */,
				1A03061A217D871C001F06D7 /* Frameworks */,
				1A03061B217D871C001F06D7 /* Resources */,
			);
			buildRules = (
			);
			dependencies = (
			);
			name = HIDUtil;
			productName = HIDUtil;
			productReference = 1A03061D217D871C001F06D7 /* HIDUtil.app */;
			productType = "com.apple.product-type.application";
		};
/* End PBXNativeTarget section */

/* Begin PBXProject section */
		1A030615217D871C001F06D7 /* Project object */ = {
			isa = PBXProject;
			attributes = {
				LastSwiftUpdateCheck = 1000;
				LastUpgradeCheck = 1000;
				ORGANIZATIONNAME = "James Linnell";
				TargetAttributes = {
					1A03061C217D871C001F06D7 = {
						CreatedOnToolsVersion = 10.0;
						SystemCapabilities = {
							com.apple.Sandbox = {
								enabled = 1;
							};
						};
					};
				};
			};
			buildConfigurationList = 1A030618217D871C001F06D7 /* Build configuration list for PBXProject "HIDUtil" */;
			compatibilityVersion = "Xcode 9.3";
			developmentRegion = en;
			hasScannedForEncodings = 0;
			knownRegions = (
				en,
				Base,
			);
			mainGroup = 1A030614217D871C001F06D7;
			productRefGroup = 1A03061E217D871C001F06D7 /* Products */;
			projectDirPath = "";
			projectRoot = "";
			targets = (
				1A03061C217D871C001F06D7 /* HIDUtil */,
			);
		};
/* End PBXProject section */

/* Begin PBXResourcesBuildPhase section */
		1A03061B217D871C001F06D7 /* Resources */ = {
			isa = PBXResourcesBuildPhase;
			buildActionMask = 2147483647;
			files = (
				1A030625217D871D001F06D7 /* Assets.xcassets in Resources */,
				1A030628217D871D001F06D7 /* Main.storyboard in Resources */,
			);
			runOnlyForDeploymentPostprocessing = 0;
		};
/* End PBXResourcesBuildPhase section */

/* Begin PBXSourcesBuildPhase section */
		1A030619217D871C001F06D7 /* Sources */ = {
			isa = PBXSourcesBuildPhase;
			buildActionMask = 2147483647;
			files = (
				1A03066821804102001F06D7 /* DeviceReportsViewController.swift in Sources */,
				1A030653217D97F3001F06D7 /* DeviceViewModel.swift in Sources */,
				1A030651217D97F3001F06D7 /* DeviceReportDescriptorViewController.swift in Sources */,
				1A030650217D97F3001F06D7 /* DeviceManagerViewController.swift in Sources */,
				1A030621217D871C001F06D7 /* AppDelegate.swift in Sources */,
				1A03064F217D97F3001F06D7 /* Dynamic.swift in Sources */,
				1A030652217D97F3001F06D7 /* DeviceManagerViewModel.swift in Sources */,
			);
			runOnlyForDeploymentPostprocessing = 0;
		};
/* End PBXSourcesBuildPhase section */

/* Begin PBXVariantGroup section */
		1A030626217D871D001F06D7 /* Main.storyboard */ = {
			isa = PBXVariantGroup;
			children = (
				1A030627217D871D001F06D7 /* Base */,
			);
			name = Main.storyboard;
			sourceTree = "<group>";
		};
/* End PBXVariantGroup section */

/* Begin XCBuildConfiguration section */
		1A03062B217D871D001F06D7 /* Debug */ = {
			isa = XCBuildConfiguration;
			buildSettings = {
				ALWAYS_SEARCH_USER_PATHS = NO;
				CLANG_ANALYZER_NONNULL = YES;
				CLANG_ANALYZER_NUMBER_OBJECT_CONVERSION = YES_AGGRESSIVE;
				CLANG_CXX_LANGUAGE_STANDARD = "gnu++14";
				CLANG_CXX_LIBRARY = "libc++";
				CLANG_ENABLE_MODULES = YES;
				CLANG_ENABLE_OBJC_ARC = YES;
				CLANG_ENABLE_OBJC_WEAK = YES;
				CLANG_WARN_BLOCK_CAPTURE_AUTORELEASING = YES;
				CLANG_WARN_BOOL_CONVERSION = YES;
				CLANG_WARN_COMMA = YES;
				CLANG_WARN_CONSTANT_CONVERSION = YES;
				CLANG_WARN_DEPRECATED_OBJC_IMPLEMENTATIONS = YES;
				CLANG_WARN_DIRECT_OBJC_ISA_USAGE = YES_ERROR;
				CLANG_WARN_DOCUMENTATION_COMMENTS = YES;
				CLANG_WARN_EMPTY_BODY = YES;
				CLANG_WARN_ENUM_CONVERSION = YES;
				CLANG_WARN_INFINITE_RECURSION = YES;
				CLANG_WARN_INT_CONVERSION = YES;
				CLANG_WARN_NON_LITERAL_NULL_CONVERSION = YES;
				CLANG_WARN_OBJC_IMPLICIT_RETAIN_SELF = YES;
				CLANG_WARN_OBJC_LITERAL_CONVERSION = YES;
				CLANG_WARN_OBJC_ROOT_CLASS = YES_ERROR;
				CLANG_WARN_RANGE_LOOP_ANALYSIS = YES;
				CLANG_WARN_STRICT_PROTOTYPES = YES;
				CLANG_WARN_SUSPICIOUS_MOVE = YES;
				CLANG_WARN_UNGUARDED_AVAILABILITY = YES_AGGRESSIVE;
				CLANG_WARN_UNREACHABLE_CODE = YES;
				CLANG_WARN__DUPLICATE_METHOD_MATCH = YES;
				CODE_SIGN_IDENTITY = "Mac Developer";
				COPY_PHASE_STRIP = NO;
				DEBUG_INFORMATION_FORMAT = dwarf;
				ENABLE_STRICT_OBJC_MSGSEND = YES;
				ENABLE_TESTABILITY = YES;
				GCC_C_LANGUAGE_STANDARD = gnu11;
				GCC_DYNAMIC_NO_PIC = NO;
				GCC_NO_COMMON_BLOCKS = YES;
				GCC_OPTIMIZATION_LEVEL = 0;
				GCC_PREPROCESSOR_DEFINITIONS = (
					"DEBUG=1",
					"$(inherited)",
				);
				GCC_WARN_64_TO_32_BIT_CONVERSION = YES;
				GCC_WARN_ABOUT_RETURN_TYPE = YES_ERROR;
				GCC_WARN_UNDECLARED_SELECTOR = YES;
				GCC_WARN_UNINITIALIZED_AUTOS = YES_AGGRESSIVE;
				GCC_WARN_UNUSED_FUNCTION = YES;
				GCC_WARN_UNUSED_VARIABLE = YES;
				MACOSX_DEPLOYMENT_TARGET = 10.14;
				MTL_ENABLE_DEBUG_INFO = INCLUDE_SOURCE;
				MTL_FAST_MATH = YES;
				ONLY_ACTIVE_ARCH = YES;
				SDKROOT = macosx;
				SWIFT_ACTIVE_COMPILATION_CONDITIONS = DEBUG;
				SWIFT_OPTIMIZATION_LEVEL = "-Onone";
			};
			name = Debug;
		};
		1A03062C217D871D001F06D7 /* Release */ = {
			isa = XCBuildConfiguration;
			buildSettings = {
				ALWAYS_SEARCH_USER_PATHS = NO;
				CLANG_ANALYZER_NONNULL = YES;
				CLANG_ANALYZER_NUMBER_OBJECT_CONVERSION = YES_AGGRESSIVE;
				CLANG_CXX_LANGUAGE_STANDARD = "gnu++14";
				CLANG_CXX_LIBRARY = "libc++";
				CLANG_ENABLE_MODULES = YES;
				CLANG_ENABLE_OBJC_ARC = YES;
				CLANG_ENABLE_OBJC_WEAK = YES;
				CLANG_WARN_BLOCK_CAPTURE_AUTORELEASING = YES;
				CLANG_WARN_BOOL_CONVERSION = YES;
				CLANG_WARN_COMMA = YES;
				CLANG_WARN_CONSTANT_CONVERSION = YES;
				CLANG_WARN_DEPRECATED_OBJC_IMPLEMENTATIONS = YES;
				CLANG_WARN_DIRECT_OBJC_ISA_USAGE = YES_ERROR;
				CLANG_WARN_DOCUMENTATION_COMMENTS = YES;
				CLANG_WARN_EMPTY_BODY = YES;
				CLANG_WARN_ENUM_CONVERSION = YES;
				CLANG_WARN_INFINITE_RECURSION = YES;
				CLANG_WARN_INT_CONVERSION = YES;
				CLANG_WARN_NON_LITERAL_NULL_CONVERSION = YES;
				CLANG_WARN_OBJC_IMPLICIT_RETAIN_SELF = YES;
				CLANG_WARN_OBJC_LITERAL_CONVERSION = YES;
				CLANG_WARN_OBJC_ROOT_CLASS = YES_ERROR;
				CLANG_WARN_RANGE_LOOP_ANALYSIS = YES;
				CLANG_WARN_STRICT_PROTOTYPES = YES;
				CLANG_WARN_SUSPICIOUS_MOVE = YES;
				CLANG_WARN_UNGUARDED_AVAILABILITY = YES_AGGRESSIVE;
				CLANG_WARN_UNREACHABLE_CODE = YES;
				CLANG_WARN__DUPLICATE_METHOD_MATCH = YES;
				CODE_SIGN_IDENTITY = "Mac Developer";
				COPY_PHASE_STRIP = NO;
				DEBUG_INFORMATION_FORMAT = "dwarf-with-dsym";
				ENABLE_NS_ASSERTIONS = NO;
				ENABLE_STRICT_OBJC_MSGSEND = YES;
				GCC_C_LANGUAGE_STANDARD = gnu11;
				GCC_NO_COMMON_BLOCKS = YES;
				GCC_WARN_64_TO_32_BIT_CONVERSION = YES;
				GCC_WARN_ABOUT_RETURN_TYPE = YES_ERROR;
				GCC_WARN_UNDECLARED_SELECTOR = YES;
				GCC_WARN_UNINITIALIZED_AUTOS = YES_AGGRESSIVE;
				GCC_WARN_UNUSED_FUNCTION = YES;
				GCC_WARN_UNUSED_VARIABLE = YES;
				MACOSX_DEPLOYMENT_TARGET = 10.14;
				MTL_ENABLE_DEBUG_INFO = NO;
				MTL_FAST_MATH = YES;
				SDKROOT = macosx;
				SWIFT_COMPILATION_MODE = wholemodule;
				SWIFT_OPTIMIZATION_LEVEL = "-O";
			};
			name = Release;
		};
		1A03062E217D871D001F06D7 /* Debug */ = {
			isa = XCBuildConfiguration;
			buildSettings = {
				ASSETCATALOG_COMPILER_APPICON_NAME = AppIcon;
				CODE_SIGN_ENTITLEMENTS = HIDUtil/HIDUtil.entitlements;
				CODE_SIGN_STYLE = Automatic;
				COMBINE_HIDPI_IMAGES = YES;
				DEVELOPMENT_TEAM = 2TJ5K7WSP8;
				INFOPLIST_FILE = HIDUtil/Info.plist;
				LD_RUNPATH_SEARCH_PATHS = (
					"$(inherited)",
					"@executable_path/../Frameworks",
				);
				PRODUCT_BUNDLE_IDENTIFIER = jamesnlinnell.HIDUtil;
				PRODUCT_NAME = "$(TARGET_NAME)";
				SWIFT_VERSION = 4.2;
			};
			name = Debug;
		};
		1A03062F217D871D001F06D7 /* Release */ = {
			isa = XCBuildConfiguration;
			buildSettings = {
				ASSETCATALOG_COMPILER_APPICON_NAME = AppIcon;
				CODE_SIGN_ENTITLEMENTS = HIDUtil/HIDUtil.entitlements;
				CODE_SIGN_STYLE = Automatic;
				COMBINE_HIDPI_IMAGES = YES;
				DEVELOPMENT_TEAM = 2TJ5K7WSP8;
				INFOPLIST_FILE = HIDUtil/Info.plist;
				LD_RUNPATH_SEARCH_PATHS = (
					"$(inherited)",
					"@executable_path/../Frameworks",
				);
				PRODUCT_BUNDLE_IDENTIFIER = jamesnlinnell.HIDUtil;
				PRODUCT_NAME = "$(TARGET_NAME)";
				SWIFT_VERSION = 4.2;
			};
			name = Release;
		};
/* End XCBuildConfiguration section */

/* Begin XCConfigurationList section */
		1A030618217D871C001F06D7 /* Build configuration list for PBXProject "HIDUtil" */ = {
			isa = XCConfigurationList;
			buildConfigurations = (
				1A03062B217D871D001F06D7 /* Debug */,
				1A03062C217D871D001F06D7 /* Release */,
			);
			defaultConfigurationIsVisible = 0;
			defaultConfigurationName = Release;
		};
		1A03062D217D871D001F06D7 /* Build configuration list for PBXNativeTarget "HIDUtil" */ = {
			isa = XCConfigurationList;
			buildConfigurations = (
				1A03062E217D871D001F06D7 /* Debug */,
				1A03062F217D871D001F06D7 /* Release */,
			);
			defaultConfigurationIsVisible = 0;
			defaultConfigurationName = Release;
		};
/* End XCConfigurationList section */
	};
	rootObject = 1A030615217D871C001F06D7 /* Project object */;
}
